{
  "name": "bizosaas-platform",
  "version": "1.0.0",
  "lockfileVersion": 3,
  "requires": true,
  "packages": {
    "": {
      "name": "bizosaas-platform",
      "version": "1.0.0",
      "workspaces": [
        "packages/*",
        "bizosaas/misc/services/bizoholic-frontend"
      ],
      "engines": {
        "node": ">=18.0.0",
        "npm": ">=9.0.0"
      }
    },
    "../packages/animated-components": {
      "extraneous": true
    },
    "../packages/api-client": {
      "extraneous": true
    },
    "../packages/auth": {
      "extraneous": true
    },
    "../packages/hooks": {
      "extraneous": true
    },
    "../packages/ui-components": {
      "extraneous": true
    },
    "../packages/utils": {
      "extraneous": true
    },
    "bizosaas/misc/services/bizoholic-frontend": {
      "version": "1.0.0",
      "extraneous": true,
      "dependencies": {
        "@bizoholic-digital/animated-components": "^1.0.0",
        "@bizoholic-digital/api-client": "^1.0.0",
        "@bizoholic-digital/auth": "^1.0.0",
        "@bizoholic-digital/hooks": "^1.0.0",
        "@bizoholic-digital/ui-components": "^1.0.0",
        "@bizoholic-digital/utils": "^1.0.0",
        "@headlessui/react": "^1.7.0",
        "@tailwindcss/forms": "^0.5.0",
        "@tailwindcss/typography": "^0.5.0",
        "@types/node": "^20.0.0",
        "@types/react": "^18.0.0",
        "@types/react-dom": "^18.0.0",
        "autoprefixer": "^10.4.0",
        "axios": "^1.6.0",
        "clsx": "^2.0.0",
        "framer-motion": "^10.16.0",
        "lucide-react": "^0.400.0",
        "next": "15.5.3",
        "postcss": "^8.4.0",
        "react": "^18.0.0",
        "react-dom": "^18.0.0",
        "tailwindcss": "^3.3.0",
        "typescript": "^5.0.0"
      },
      "devDependencies": {
        "@types/node": "^20.0.0",
        "@types/react": "^18.0.0",
        "@types/react-dom": "^18.0.0",
        "eslint": "^8.0.0",
        "eslint-config-next": "^14.0.0",
        "typescript": "^5.0.0"
      },
      "engines": {
        "node": ">=18.0.0"
      }
    },
    "node_modules/@bizosaas/shared-ui": {
      "resolved": "packages/shared-ui",
      "link": true
    },
    "node_modules/@types/prop-types": {
      "version": "15.7.15",
      "resolved": "https://registry.npmjs.org/@types/prop-types/-/prop-types-15.7.15.tgz",
      "integrity": "sha512-F6bEyamV9jKGAFBEmlQnesRPGOQqS2+Uwi0Em15xenOxHaf2hv6L8YCVn3rPdPJOiJfPiCnLIRyvwVaqMY3MIw==",
      "dev": true,
      "license": "MIT"
    },
    "node_modules/@types/react": {
      "version": "18.3.27",
      "resolved": "https://registry.npmjs.org/@types/react/-/react-18.3.27.tgz",
      "integrity": "sha512-cisd7gxkzjBKU2GgdYrTdtQx1SORymWyaAFhaxQPK9bYO9ot3Y5OikQRvY0VYQtvwjeQnizCINJAenh/V7MK2w==",
      "dev": true,
      "license": "MIT",
      "dependencies": {
        "@types/prop-types": "*",
        "csstype": "^3.2.2"
      }
    },
    "node_modules/@types/react-dom": {
      "version": "18.3.7",
      "resolved": "https://registry.npmjs.org/@types/react-dom/-/react-dom-18.3.7.tgz",
      "integrity": "sha512-MEe3UeoENYVFXzoXEWsvcpg6ZvlrFNlOQ7EOsvhI3CfAXwzPfO8Qwuxd40nepsYKqyyVQnTdEfv68q91yLcKrQ==",
      "dev": true,
      "license": "MIT",
      "peerDependencies": {
        "@types/react": "^18.0.0"
      }
    },
    "node_modules/csstype": {
      "version": "3.2.3",
      "resolved": "https://registry.npmjs.org/csstype/-/csstype-3.2.3.tgz",
      "integrity": "sha512-z1HGKcYy2xA8AGQfwrn0PAy+PB7X/GSj3UVJW9qKyn43xWa+gl5nXmU4qqLMRzWVLFC8KusUX8T/0kCiOYpAIQ==",
      "dev": true,
      "license": "MIT"
    },
    "node_modules/typescript": {
      "version": "5.9.3",
      "resolved": "https://registry.npmjs.org/typescript/-/typescript-5.9.3.tgz",
      "integrity": "sha512-jl1vZzPDinLr9eUt3J/t7V6FgNEw9QjvBPdysz9KfQDD41fQrC2Y4vKQdiaUpFT4bXlb1RHhLpp8wtm6M5TgSw==",
      "dev": true,
      "license": "Apache-2.0",
      "bin": {
        "tsc": "bin/tsc",
        "tsserver": "bin/tsserver"
      },
      "engines": {
        "node": ">=14.17"
      }
    },
    "packages/animated-components": {
      "name": "@bizoholic-digital/animated-components",
      "version": "1.0.0",
      "extraneous": true,
      "license": "MIT",
      "dependencies": {
        "clsx": "^2.0.0",
        "tailwind-merge": "^2.2.0"
      },
      "devDependencies": {
        "@types/node": "^20.0.0",
        "@types/react": "^18.0.0",
        "@typescript-eslint/eslint-plugin": "^6.0.0",
        "@typescript-eslint/parser": "^6.0.0",
        "eslint": "^8.56.0",
        "framer-motion": "^11.0.0",
        "react": "^18.0.0",
        "typescript": "^5.3.0"
      },
      "peerDependencies": {
        "framer-motion": "^10.0.0 || ^11.0.0",
        "react": "^18.0.0 || ^19.0.0"
      }
    },
    "packages/api-client": {
      "name": "@bizoholic-digital/api-client",
      "version": "1.0.0",
      "extraneous": true,
      "license": "MIT",
      "devDependencies": {
        "@types/node": "^20.0.0",
        "@typescript-eslint/eslint-plugin": "^6.0.0",
        "@typescript-eslint/parser": "^6.0.0",
        "eslint": "^8.56.0",
        "typescript": "^5.3.0"
      }
    },
    "packages/auth": {
      "name": "@bizoholic-digital/auth",
      "version": "1.0.0",
      "extraneous": true,
      "license": "MIT",
      "dependencies": {
        "js-cookie": "^3.0.5"
      },
      "devDependencies": {
        "@types/js-cookie": "^3.0.6",
        "@types/node": "^20.0.0",
        "@types/react": "^18.0.0",
        "@typescript-eslint/eslint-plugin": "^6.0.0",
        "@typescript-eslint/parser": "^6.0.0",
        "eslint": "^8.56.0",
        "next": "^15.0.0",
        "react": "^18.0.0",
        "typescript": "^5.3.0"
      },
      "peerDependencies": {
        "next": "^14.0.0 || ^15.0.0",
        "react": "^18.0.0 || ^19.0.0"
      }
    },
    "packages/hooks": {
      "name": "@bizoholic-digital/hooks",
      "version": "1.0.0",
      "extraneous": true,
      "license": "MIT",
      "devDependencies": {
        "@types/node": "^20.0.0",
        "@types/react": "^18.0.0",
        "@typescript-eslint/eslint-plugin": "^6.0.0",
        "@typescript-eslint/parser": "^6.0.0",
        "eslint": "^8.56.0",
        "react": "^18.0.0",
        "typescript": "^5.3.0"
      },
      "peerDependencies": {
        "react": "^18.0.0 || ^19.0.0"
      }
    },
    "packages/shared-ui": {
      "name": "@bizosaas/shared-ui",
      "version": "1.0.0",
      "devDependencies": {
        "@types/react": "^18.2.0",
        "@types/react-dom": "^18.2.0",
        "typescript": "^5.0.0"
      },
      "peerDependencies": {
        "lucide-react": "^0.263.1",
        "next": "^14.0.0 || ^15.0.0",
        "next-auth": "^5.0.0-beta",
        "react": "^18.0.0 || ^19.0.0",
        "react-dom": "^18.0.0 || ^19.0.0"
      }
    },
    "packages/ui-components": {
      "name": "@bizoholic-digital/ui-components",
      "version": "1.0.0",
      "extraneous": true,
      "license": "MIT",
      "dependencies": {
        "@radix-ui/react-accordion": "^1.1.2",
        "@radix-ui/react-alert-dialog": "^1.0.5",
        "@radix-ui/react-avatar": "^1.0.4",
        "@radix-ui/react-checkbox": "^1.0.4",
        "@radix-ui/react-dialog": "^1.0.5",
        "@radix-ui/react-dropdown-menu": "^2.0.6",
        "@radix-ui/react-label": "^2.0.2",
        "@radix-ui/react-navigation-menu": "^1.1.4",
        "@radix-ui/react-select": "^2.0.0",
        "@radix-ui/react-separator": "^1.0.3",
        "@radix-ui/react-tabs": "^1.0.4",
        "@radix-ui/react-toast": "^1.1.5",
        "class-variance-authority": "^0.7.0",
        "clsx": "^2.0.0",
        "lucide-react": "^0.300.0",
        "tailwind-merge": "^2.2.0"
      },
      "devDependencies": {
        "@types/node": "^20.0.0",
        "@types/react": "^18.0.0",
        "@types/react-dom": "^18.0.0",
        "@typescript-eslint/eslint-plugin": "^6.0.0",
        "@typescript-eslint/parser": "^6.0.0",
        "eslint": "^8.56.0",
        "typescript": "^5.3.0"
      },
      "peerDependencies": {
        "react": "^18.0.0 || ^19.0.0",
        "react-dom": "^18.0.0 || ^19.0.0"
      }
    },
    "packages/utils": {
      "name": "@bizoholic-digital/utils",
      "version": "1.0.0",
      "extraneous": true,
      "license": "MIT",
      "devDependencies": {
        "@types/node": "^20.0.0",
        "@typescript-eslint/eslint-plugin": "^6.0.0",
        "@typescript-eslint/parser": "^6.0.0",
        "eslint": "^8.56.0",
        "typescript": "^5.3.0"
      }
    }
  }
}
